// !$*UTF8*$!
{
	archiveVersion = 1;
	classes = {
	};
	objectVersion = 55;
	objects = {

/* Begin PBXBuildFile section */
		288E280827CC099900E0F2E8 /* LoginViewController.swift in Sources */ = {isa = PBXBuildFile; fileRef = 288E280727CC099900E0F2E8 /* LoginViewController.swift */; };
		288E280A27CC0D6500E0F2E8 /* CustomTF.swift in Sources */ = {isa = PBXBuildFile; fileRef = 288E280927CC0D6500E0F2E8 /* CustomTF.swift */; };
		288E280C27CC15B300E0F2E8 /* LoginProtocol.swift in Sources */ = {isa = PBXBuildFile; fileRef = 288E280B27CC15B300E0F2E8 /* LoginProtocol.swift */; };
		288E280E27CC160D00E0F2E8 /* LoginInspector.swift in Sources */ = {isa = PBXBuildFile; fileRef = 288E280D27CC160D00E0F2E8 /* LoginInspector.swift */; };
		288E281127CED27D00E0F2E8 /* SettingsViewController.swift in Sources */ = {isa = PBXBuildFile; fileRef = 288E281027CED27C00E0F2E8 /* SettingsViewController.swift */; };
		288E281527CFFE5400E0F2E8 /* SortTableViewCell.swift in Sources */ = {isa = PBXBuildFile; fileRef = 288E281427CFFE5400E0F2E8 /* SortTableViewCell.swift */; };
		288E281727D0278000E0F2E8 /* ChangePasswordVC.swift in Sources */ = {isa = PBXBuildFile; fileRef = 288E281627D0278000E0F2E8 /* ChangePasswordVC.swift */; };
		28CEC4CF27BC5C2B00789AFD /* AppDelegate.swift in Sources */ = {isa = PBXBuildFile; fileRef = 28CEC4CE27BC5C2B00789AFD /* AppDelegate.swift */; };
		28CEC4D127BC5C2B00789AFD /* SceneDelegate.swift in Sources */ = {isa = PBXBuildFile; fileRef = 28CEC4D027BC5C2B00789AFD /* SceneDelegate.swift */; };
		28CEC4D327BC5C2B00789AFD /* FileManagerVC.swift in Sources */ = {isa = PBXBuildFile; fileRef = 28CEC4D227BC5C2B00789AFD /* FileManagerVC.swift */; };
		28CEC4D627BC5C2B00789AFD /* Main.storyboard in Resources */ = {isa = PBXBuildFile; fileRef = 28CEC4D427BC5C2B00789AFD /* Main.storyboard */; };
		28CEC4D827BC5C3700789AFD /* Assets.xcassets in Resources */ = {isa = PBXBuildFile; fileRef = 28CEC4D727BC5C3700789AFD /* Assets.xcassets */; };
		28CEC4DB27BC5C3700789AFD /* LaunchScreen.storyboard in Resources */ = {isa = PBXBuildFile; fileRef = 28CEC4D927BC5C3700789AFD /* LaunchScreen.storyboard */; };
		28CEC4E327BEFF7E00789AFD /* MyFileManager.swift in Sources */ = {isa = PBXBuildFile; fileRef = 28CEC4E227BEFF7D00789AFD /* MyFileManager.swift */; };
		28CEC4E527BF0C1000789AFD /* TableViewCell.swift in Sources */ = {isa = PBXBuildFile; fileRef = 28CEC4E427BF0C1000789AFD /* TableViewCell.swift */; };
		5AD62153CB898B15C6A5A792 /* Pods_FileManager.framework in Frameworks */ = {isa = PBXBuildFile; fileRef = BBEF2ADEF092BA546C41D711 /* Pods_FileManager.framework */; };
/* End PBXBuildFile section */

/* Begin PBXFileReference section */
		14B175F13E125EDAA7FD63BD /* Pods-FileManager.release.xcconfig */ = {isa = PBXFileReference; includeInIndex = 1; lastKnownFileType = text.xcconfig; name = "Pods-FileManager.release.xcconfig"; path = "Target Support Files/Pods-FileManager/Pods-FileManager.release.xcconfig"; sourceTree = "<group>"; };
		288E280727CC099900E0F2E8 /* LoginViewController.swift */ = {isa = PBXFileReference; lastKnownFileType = sourcecode.swift; path = LoginViewController.swift; sourceTree = "<group>"; };
		288E280927CC0D6500E0F2E8 /* CustomTF.swift */ = {isa = PBXFileReference; lastKnownFileType = sourcecode.swift; path = CustomTF.swift; sourceTree = "<group>"; };
		288E280B27CC15B300E0F2E8 /* LoginProtocol.swift */ = {isa = PBXFileReference; lastKnownFileType = sourcecode.swift; path = LoginProtocol.swift; sourceTree = "<group>"; };
		288E280D27CC160D00E0F2E8 /* LoginInspector.swift */ = {isa = PBXFileReference; lastKnownFileType = sourcecode.swift; path = LoginInspector.swift; sourceTree = "<group>"; };
		288E281027CED27C00E0F2E8 /* SettingsViewController.swift */ = {isa = PBXFileReference; lastKnownFileType = sourcecode.swift; path = SettingsViewController.swift; sourceTree = "<group>"; };
		288E281427CFFE5400E0F2E8 /* SortTableViewCell.swift */ = {isa = PBXFileReference; lastKnownFileType = sourcecode.swift; path = SortTableViewCell.swift; sourceTree = "<group>"; };
		288E281627D0278000E0F2E8 /* ChangePasswordVC.swift */ = {isa = PBXFileReference; lastKnownFileType = sourcecode.swift; path = ChangePasswordVC.swift; sourceTree = "<group>"; };
		28CEC4CB27BC5C2B00789AFD /* FileManager.app */ = {isa = PBXFileReference; explicitFileType = wrapper.application; includeInIndex = 0; path = FileManager.app; sourceTree = BUILT_PRODUCTS_DIR; };
		28CEC4CE27BC5C2B00789AFD /* AppDelegate.swift */ = {isa = PBXFileReference; lastKnownFileType = sourcecode.swift; path = AppDelegate.swift; sourceTree = "<group>"; };
		28CEC4D027BC5C2B00789AFD /* SceneDelegate.swift */ = {isa = PBXFileReference; lastKnownFileType = sourcecode.swift; path = SceneDelegate.swift; sourceTree = "<group>"; };
		28CEC4D227BC5C2B00789AFD /* FileManagerVC.swift */ = {isa = PBXFileReference; lastKnownFileType = sourcecode.swift; path = FileManagerVC.swift; sourceTree = "<group>"; };
		28CEC4D527BC5C2B00789AFD /* Base */ = {isa = PBXFileReference; lastKnownFileType = file.storyboard; name = Base; path = Base.lproj/Main.storyboard; sourceTree = "<group>"; };
		28CEC4D727BC5C3700789AFD /* Assets.xcassets */ = {isa = PBXFileReference; lastKnownFileType = folder.assetcatalog; path = Assets.xcassets; sourceTree = "<group>"; };
		28CEC4DA27BC5C3700789AFD /* Base */ = {isa = PBXFileReference; lastKnownFileType = file.storyboard; name = Base; path = Base.lproj/LaunchScreen.storyboard; sourceTree = "<group>"; };
		28CEC4DC27BC5C3700789AFD /* Info.plist */ = {isa = PBXFileReference; lastKnownFileType = text.plist.xml; path = Info.plist; sourceTree = "<group>"; };
		28CEC4E227BEFF7D00789AFD /* MyFileManager.swift */ = {isa = PBXFileReference; lastKnownFileType = sourcecode.swift; path = MyFileManager.swift; sourceTree = "<group>"; };
		28CEC4E427BF0C1000789AFD /* TableViewCell.swift */ = {isa = PBXFileReference; lastKnownFileType = sourcecode.swift; path = TableViewCell.swift; sourceTree = "<group>"; };
		57834335850B05C27D0C129A /* Pods-FileManager.debug.xcconfig */ = {isa = PBXFileReference; includeInIndex = 1; lastKnownFileType = text.xcconfig; name = "Pods-FileManager.debug.xcconfig"; path = "Target Support Files/Pods-FileManager/Pods-FileManager.debug.xcconfig"; sourceTree = "<group>"; };
		BBEF2ADEF092BA546C41D711 /* Pods_FileManager.framework */ = {isa = PBXFileReference; explicitFileType = wrapper.framework; includeInIndex = 0; path = Pods_FileManager.framework; sourceTree = BUILT_PRODUCTS_DIR; };
/* End PBXFileReference section */

/* Begin PBXFrameworksBuildPhase section */
		28CEC4C827BC5C2B00789AFD /* Frameworks */ = {
			isa = PBXFrameworksBuildPhase;
			buildActionMask = 2147483647;
			files = (
				5AD62153CB898B15C6A5A792 /* Pods_FileManager.framework in Frameworks */,
			);
			runOnlyForDeploymentPostprocessing = 0;
		};
/* End PBXFrameworksBuildPhase section */

/* Begin PBXGroup section */
		06EC94A4DE00906931773A7C /* Pods */ = {
			isa = PBXGroup;
			children = (
				57834335850B05C27D0C129A /* Pods-FileManager.debug.xcconfig */,
				14B175F13E125EDAA7FD63BD /* Pods-FileManager.release.xcconfig */,
			);
			path = Pods;
			sourceTree = "<group>";
		};
		288E280F27CC163200E0F2E8 /* Login */ = {
			isa = PBXGroup;
			children = (
				288E280727CC099900E0F2E8 /* LoginViewController.swift */,
				288E280B27CC15B300E0F2E8 /* LoginProtocol.swift */,
				288E280D27CC160D00E0F2E8 /* LoginInspector.swift */,
				288E280927CC0D6500E0F2E8 /* CustomTF.swift */,
			);
			path = Login;
			sourceTree = "<group>";
		};
		288E281227CED48100E0F2E8 /* Settings */ = {
			isa = PBXGroup;
			children = (
				288E281027CED27C00E0F2E8 /* SettingsViewController.swift */,
				288E281427CFFE5400E0F2E8 /* SortTableViewCell.swift */,
			);
			path = Settings;
			sourceTree = "<group>";
		};
		288E281327CED49600E0F2E8 /* FileManager */ = {
			isa = PBXGroup;
			children = (
				28CEC4D227BC5C2B00789AFD /* FileManagerVC.swift */,
				28CEC4E227BEFF7D00789AFD /* MyFileManager.swift */,
				28CEC4E427BF0C1000789AFD /* TableViewCell.swift */,
			);
			path = FileManager;
			sourceTree = "<group>";
		};
		288E281827D0291A00E0F2E8 /* ChangePassword */ = {
			isa = PBXGroup;
			children = (
				288E281627D0278000E0F2E8 /* ChangePasswordVC.swift */,
			);
			path = ChangePassword;
			sourceTree = "<group>";
		};
		28CEC4C227BC5C2B00789AFD = {
			isa = PBXGroup;
			children = (
				28CEC4CD27BC5C2B00789AFD /* FileManager */,
				28CEC4CC27BC5C2B00789AFD /* Products */,
				06EC94A4DE00906931773A7C /* Pods */,
				63F14BDCB580C18A4F52E8D7 /* Frameworks */,
			);
			sourceTree = "<group>";
		};
		28CEC4CC27BC5C2B00789AFD /* Products */ = {
			isa = PBXGroup;
			children = (
				28CEC4CB27BC5C2B00789AFD /* FileManager.app */,
			);
			name = Products;
			sourceTree = "<group>";
		};
		28CEC4CD27BC5C2B00789AFD /* FileManager */ = {
			isa = PBXGroup;
			children = (
				28CEC4CE27BC5C2B00789AFD /* AppDelegate.swift */,
				28CEC4D027BC5C2B00789AFD /* SceneDelegate.swift */,
				28CEC4D427BC5C2B00789AFD /* Main.storyboard */,
				288E281327CED49600E0F2E8 /* FileManager */,
				288E281227CED48100E0F2E8 /* Settings */,
				288E280F27CC163200E0F2E8 /* Login */,
				288E281827D0291A00E0F2E8 /* ChangePassword */,
				28CEC4D727BC5C3700789AFD /* Assets.xcassets */,
				28CEC4D927BC5C3700789AFD /* LaunchScreen.storyboard */,
				28CEC4DC27BC5C3700789AFD /* Info.plist */,
			);
			path = FileManager;
			sourceTree = "<group>";
		};
		63F14BDCB580C18A4F52E8D7 /* Frameworks */ = {
			isa = PBXGroup;
			children = (
				BBEF2ADEF092BA546C41D711 /* Pods_FileManager.framework */,
			);
			name = Frameworks;
			sourceTree = "<group>";
		};
/* End PBXGroup section */

/* Begin PBXNativeTarget section */
		28CEC4CA27BC5C2B00789AFD /* FileManager */ = {
			isa = PBXNativeTarget;
			buildConfigurationList = 28CEC4DF27BC5C3700789AFD /* Build configuration list for PBXNativeTarget "FileManager" */;
			buildPhases = (
				FEB92193C4897275FEEEA613 /* [CP] Check Pods Manifest.lock */,
				28CEC4C727BC5C2B00789AFD /* Sources */,
				28CEC4C827BC5C2B00789AFD /* Frameworks */,
				28CEC4C927BC5C2B00789AFD /* Resources */,
				4ADC0783AEE5EB58EC30585E /* [CP] Embed Pods Frameworks */,
			);
			buildRules = (
			);
			dependencies = (
			);
			name = FileManager;
			productName = FileManager;
			productReference = 28CEC4CB27BC5C2B00789AFD /* FileManager.app */;
			productType = "com.apple.product-type.application";
		};
/* End PBXNativeTarget section */

/* Begin PBXProject section */
		28CEC4C327BC5C2B00789AFD /* Project object */ = {
			isa = PBXProject;
			attributes = {
				BuildIndependentTargetsInParallel = 1;
				LastSwiftUpdateCheck = 1320;
				LastUpgradeCheck = 1320;
				TargetAttributes = {
					28CEC4CA27BC5C2B00789AFD = {
						CreatedOnToolsVersion = 13.2;
					};
				};
			};
			buildConfigurationList = 28CEC4C627BC5C2B00789AFD /* Build configuration list for PBXProject "FileManager" */;
			compatibilityVersion = "Xcode 13.0";
			developmentRegion = en;
			hasScannedForEncodings = 0;
			knownRegions = (
				en,
				Base,
			);
			mainGroup = 28CEC4C227BC5C2B00789AFD;
			productRefGroup = 28CEC4CC27BC5C2B00789AFD /* Products */;
			projectDirPath = "";
			projectRoot = "";
			targets = (
				28CEC4CA27BC5C2B00789AFD /* FileManager */,
			);
		};
/* End PBXProject section */

/* Begin PBXResourcesBuildPhase section */
		28CEC4C927BC5C2B00789AFD /* Resources */ = {
			isa = PBXResourcesBuildPhase;
			buildActionMask = 2147483647;
			files = (
				28CEC4DB27BC5C3700789AFD /* LaunchScreen.storyboard in Resources */,
				28CEC4D827BC5C3700789AFD /* Assets.xcassets in Resources */,
				28CEC4D627BC5C2B00789AFD /* Main.storyboard in Resources */,
			);
			runOnlyForDeploymentPostprocessing = 0;
		};
/* End PBXResourcesBuildPhase section */

/* Begin PBXShellScriptBuildPhase section */
		4ADC0783AEE5EB58EC30585E /* [CP] Embed Pods Frameworks */ = {
			isa = PBXShellScriptBuildPhase;
			buildActionMask = 2147483647;
			files = (
			);
			inputFileListPaths = (
				"${PODS_ROOT}/Target Support Files/Pods-FileManager/Pods-FileManager-frameworks-${CONFIGURATION}-input-files.xcfilelist",
			);
			name = "[CP] Embed Pods Frameworks";
			outputFileListPaths = (
				"${PODS_ROOT}/Target Support Files/Pods-FileManager/Pods-FileManager-frameworks-${CONFIGURATION}-output-files.xcfilelist",
			);
			runOnlyForDeploymentPostprocessing = 0;
			shellPath = /bin/sh;
			shellScript = "\"${PODS_ROOT}/Target Support Files/Pods-FileManager/Pods-FileManager-frameworks.sh\"\n";
			showEnvVarsInLog = 0;
		};
		FEB92193C4897275FEEEA613 /* [CP] Check Pods Manifest.lock */ = {
			isa = PBXShellScriptBuildPhase;
			buildActionMask = 2147483647;
			files = (
			);
			inputFileListPaths = (
			);
			inputPaths = (
				"${PODS_PODFILE_DIR_PATH}/Podfile.lock",
				"${PODS_ROOT}/Manifest.lock",
			);
			name = "[CP] Check Pods Manifest.lock";
			outputFileListPaths = (
			);
			outputPaths = (
				"$(DERIVED_FILE_DIR)/Pods-FileManager-checkManifestLockResult.txt",
			);
			runOnlyForDeploymentPostprocessing = 0;
			shellPath = /bin/sh;
			shellScript = "diff \"${PODS_PODFILE_DIR_PATH}/Podfile.lock\" \"${PODS_ROOT}/Manifest.lock\" > /dev/null\nif [ $? != 0 ] ; then\n    # print error to STDERR\n    echo \"error: The sandbox is not in sync with the Podfile.lock. Run 'pod install' or update your CocoaPods installation.\" >&2\n    exit 1\nfi\n# This output is used by Xcode 'outputs' to avoid re-running this script phase.\necho \"SUCCESS\" > \"${SCRIPT_OUTPUT_FILE_0}\"\n";
			showEnvVarsInLog = 0;
		};
/* End PBXShellScriptBuildPhase section */

/* Begin PBXSourcesBuildPhase section */
		28CEC4C727BC5C2B00789AFD /* Sources */ = {
			isa = PBXSourcesBuildPhase;
			buildActionMask = 2147483647;
			files = (
				288E280E27CC160D00E0F2E8 /* LoginInspector.swift in Sources */,
				288E280827CC099900E0F2E8 /* LoginViewController.swift in Sources */,
				288E280A27CC0D6500E0F2E8 /* CustomTF.swift in Sources */,
				288E281127CED27D00E0F2E8 /* SettingsViewController.swift in Sources */,
				28CEC4E527BF0C1000789AFD /* TableViewCell.swift in Sources */,
				28CEC4D327BC5C2B00789AFD /* FileManagerVC.swift in Sources */,
				28CEC4CF27BC5C2B00789AFD /* AppDelegate.swift in Sources */,
				28CEC4D127BC5C2B00789AFD /* SceneDelegate.swift in Sources */,
				28CEC4E327BEFF7E00789AFD /* MyFileManager.swift in Sources */,
				288E281527CFFE5400E0F2E8 /* SortTableViewCell.swift in Sources */,
				288E280C27CC15B300E0F2E8 /* LoginProtocol.swift in Sources */,
				288E281727D0278000E0F2E8 /* ChangePasswordVC.swift in Sources */,
			);
			runOnlyForDeploymentPostprocessing = 0;
		};
/* End PBXSourcesBuildPhase section */

/* Begin PBXVariantGroup section */
		28CEC4D427BC5C2B00789AFD /* Main.storyboard */ = {
			isa = PBXVariantGroup;
			children = (
				28CEC4D527BC5C2B00789AFD /* Base */,
			);
			name = Main.storyboard;
			sourceTree = "<group>";
		};
		28CEC4D927BC5C3700789AFD /* LaunchScreen.storyboard */ = {
			isa = PBXVariantGroup;
			children = (
				28CEC4DA27BC5C3700789AFD /* Base */,
			);
			name = LaunchScreen.storyboard;
			sourceTree = "<group>";
		};
/* End PBXVariantGroup section */

/* Begin XCBuildConfiguration section */
		28CEC4DD27BC5C3700789AFD /* Debug */ = {
			isa = XCBuildConfiguration;
			buildSettings = {
				ALWAYS_SEARCH_USER_PATHS = NO;
				CLANG_ANALYZER_NONNULL = YES;
				CLANG_ANALYZER_NUMBER_OBJECT_CONVERSION = YES_AGGRESSIVE;
				CLANG_CXX_LANGUAGE_STANDARD = "gnu++17";
				CLANG_CXX_LIBRARY = "libc++";
				CLANG_ENABLE_MODULES = YES;
				CLANG_ENABLE_OBJC_ARC = YES;
				CLANG_ENABLE_OBJC_WEAK = YES;
				CLANG_WARN_BLOCK_CAPTURE_AUTORELEASING = YES;
				CLANG_WARN_BOOL_CONVERSION = YES;
				CLANG_WARN_COMMA = YES;
				CLANG_WARN_CONSTANT_CONVERSION = YES;
				CLANG_WARN_DEPRECATED_OBJC_IMPLEMENTATIONS = YES;
				CLANG_WARN_DIRECT_OBJC_ISA_USAGE = YES_ERROR;
				CLANG_WARN_DOCUMENTATION_COMMENTS = YES;
				CLANG_WARN_EMPTY_BODY = YES;
				CLANG_WARN_ENUM_CONVERSION = YES;
				CLANG_WARN_INFINITE_RECURSION = YES;
				CLANG_WARN_INT_CONVERSION = YES;
				CLANG_WARN_NON_LITERAL_NULL_CONVERSION = YES;
				CLANG_WARN_OBJC_IMPLICIT_RETAIN_SELF = YES;
				CLANG_WARN_OBJC_LITERAL_CONVERSION = YES;
				CLANG_WARN_OBJC_ROOT_CLASS = YES_ERROR;
				CLANG_WARN_QUOTED_INCLUDE_IN_FRAMEWORK_HEADER = YES;
				CLANG_WARN_RANGE_LOOP_ANALYSIS = YES;
				CLANG_WARN_STRICT_PROTOTYPES = YES;
				CLANG_WARN_SUSPICIOUS_MOVE = YES;
				CLANG_WARN_UNGUARDED_AVAILABILITY = YES_AGGRESSIVE;
				CLANG_WARN_UNREACHABLE_CODE = YES;
				CLANG_WARN__DUPLICATE_METHOD_MATCH = YES;
				COPY_PHASE_STRIP = NO;
				DEBUG_INFORMATION_FORMAT = dwarf;
				ENABLE_STRICT_OBJC_MSGSEND = YES;
				ENABLE_TESTABILITY = YES;
				GCC_C_LANGUAGE_STANDARD = gnu11;
				GCC_DYNAMIC_NO_PIC = NO;
				GCC_NO_COMMON_BLOCKS = YES;
				GCC_OPTIMIZATION_LEVEL = 0;
				GCC_PREPROCESSOR_DEFINITIONS = (
					"DEBUG=1",
					"$(inherited)",
				);
				GCC_WARN_64_TO_32_BIT_CONVERSION = YES;
				GCC_WARN_ABOUT_RETURN_TYPE = YES_ERROR;
				GCC_WARN_UNDECLARED_SELECTOR = YES;
				GCC_WARN_UNINITIALIZED_AUTOS = YES_AGGRESSIVE;
				GCC_WARN_UNUSED_FUNCTION = YES;
				GCC_WARN_UNUSED_VARIABLE = YES;
				IPHONEOS_DEPLOYMENT_TARGET = 15.2;
				MTL_ENABLE_DEBUG_INFO = INCLUDE_SOURCE;
				MTL_FAST_MATH = YES;
				ONLY_ACTIVE_ARCH = YES;
				SDKROOT = iphoneos;
				SWIFT_ACTIVE_COMPILATION_CONDITIONS = DEBUG;
				SWIFT_OPTIMIZATION_LEVEL = "-Onone";
			};
			name = Debug;
		};
		28CEC4DE27BC5C3700789AFD /* Release */ = {
			isa = XCBuildConfiguration;
			buildSettings = {
				ALWAYS_SEARCH_USER_PATHS = NO;
				CLANG_ANALYZER_NONNULL = YES;
				CLANG_ANALYZER_NUMBER_OBJECT_CONVERSION = YES_AGGRESSIVE;
				CLANG_CXX_LANGUAGE_STANDARD = "gnu++17";
				CLANG_CXX_LIBRARY = "libc++";
				CLANG_ENABLE_MODULES = YES;
				CLANG_ENABLE_OBJC_ARC = YES;
				CLANG_ENABLE_OBJC_WEAK = YES;
				CLANG_WARN_BLOCK_CAPTURE_AUTORELEASING = YES;
				CLANG_WARN_BOOL_CONVERSION = YES;
				CLANG_WARN_COMMA = YES;
				CLANG_WARN_CONSTANT_CONVERSION = YES;
				CLANG_WARN_DEPRECATED_OBJC_IMPLEMENTATIONS = YES;
				CLANG_WARN_DIRECT_OBJC_ISA_USAGE = YES_ERROR;
				CLANG_WARN_DOCUMENTATION_COMMENTS = YES;
				CLANG_WARN_EMPTY_BODY = YES;
				CLANG_WARN_ENUM_CONVERSION = YES;
				CLANG_WARN_INFINITE_RECURSION = YES;
				CLANG_WARN_INT_CONVERSION = YES;
				CLANG_WARN_NON_LITERAL_NULL_CONVERSION = YES;
				CLANG_WARN_OBJC_IMPLICIT_RETAIN_SELF = YES;
				CLANG_WARN_OBJC_LITERAL_CONVERSION = YES;
				CLANG_WARN_OBJC_ROOT_CLASS = YES_ERROR;
				CLANG_WARN_QUOTED_INCLUDE_IN_FRAMEWORK_HEADER = YES;
				CLANG_WARN_RANGE_LOOP_ANALYSIS = YES;
				CLANG_WARN_STRICT_PROTOTYPES = YES;
				CLANG_WARN_SUSPICIOUS_MOVE = YES;
				CLANG_WARN_UNGUARDED_AVAILABILITY = YES_AGGRESSIVE;
				CLANG_WARN_UNREACHABLE_CODE = YES;
				CLANG_WARN__DUPLICATE_METHOD_MATCH = YES;
				COPY_PHASE_STRIP = NO;
				DEBUG_INFORMATION_FORMAT = "dwarf-with-dsym";
				ENABLE_NS_ASSERTIONS = NO;
				ENABLE_STRICT_OBJC_MSGSEND = YES;
				GCC_C_LANGUAGE_STANDARD = gnu11;
				GCC_NO_COMMON_BLOCKS = YES;
				GCC_WARN_64_TO_32_BIT_CONVERSION = YES;
				GCC_WARN_ABOUT_RETURN_TYPE = YES_ERROR;
				GCC_WARN_UNDECLARED_SELECTOR = YES;
				GCC_WARN_UNINITIALIZED_AUTOS = YES_AGGRESSIVE;
				GCC_WARN_UNUSED_FUNCTION = YES;
				GCC_WARN_UNUSED_VARIABLE = YES;
				IPHONEOS_DEPLOYMENT_TARGET = 15.2;
				MTL_ENABLE_DEBUG_INFO = NO;
				MTL_FAST_MATH = YES;
				SDKROOT = iphoneos;
				SWIFT_COMPILATION_MODE = wholemodule;
				SWIFT_OPTIMIZATION_LEVEL = "-O";
				VALIDATE_PRODUCT = YES;
			};
			name = Release;
		};
		28CEC4E027BC5C3700789AFD /* Debug */ = {
			isa = XCBuildConfiguration;
			baseConfigurationReference = 57834335850B05C27D0C129A /* Pods-FileManager.debug.xcconfig */;
			buildSettings = {
				ASSETCATALOG_COMPILER_APPICON_NAME = AppIcon;
				ASSETCATALOG_COMPILER_GLOBAL_ACCENT_COLOR_NAME = AccentColor;
				CODE_SIGN_STYLE = Automatic;
				CURRENT_PROJECT_VERSION = 1;
				DEVELOPMENT_TEAM = 5BFVZ4T283;
				GENERATE_INFOPLIST_FILE = YES;
				INFOPLIST_FILE = FileManager/Info.plist;
				INFOPLIST_KEY_UIApplicationSupportsIndirectInputEvents = YES;
				INFOPLIST_KEY_UILaunchStoryboardName = LaunchScreen;
				INFOPLIST_KEY_UIMainStoryboardFile = Main;
				INFOPLIST_KEY_UISupportedInterfaceOrientations_iPad = "UIInterfaceOrientationPortrait UIInterfaceOrientationPortraitUpsideDown UIInterfaceOrientationLandscapeLeft UIInterfaceOrientationLandscapeRight";
				INFOPLIST_KEY_UISupportedInterfaceOrientations_iPhone = "UIInterfaceOrientationPortrait UIInterfaceOrientationLandscapeLeft UIInterfaceOrientationLandscapeRight";
				LD_RUNPATH_SEARCH_PATHS = (
					"$(inherited)",
					"@executable_path/Frameworks",
				);
				MARKETING_VERSION = 1.0;
				PRODUCT_BUNDLE_IDENTIFIER = site.immersing.FileManager;
				PRODUCT_NAME = "$(TARGET_NAME)";
				SWIFT_EMIT_LOC_STRINGS = YES;
				SWIFT_VERSION = 5.0;
				TARGETED_DEVICE_FAMILY = "1,2";
			};
			name = Debug;
		};
		28CEC4E127BC5C3700789AFD /* Release */ = {
			isa = XCBuildConfiguration;
			baseConfigurationReference = 14B175F13E125EDAA7FD63BD /* Pods-FileManager.release.xcconfig */;
			buildSettings = {
				ASSETCATALOG_COMPILER_APPICON_NAME = AppIcon;
				ASSETCATALOG_COMPILER_GLOBAL_ACCENT_COLOR_NAME = AccentColor;
				CODE_SIGN_STYLE = Automatic;
				CURRENT_PROJECT_VERSION = 1;
				DEVELOPMENT_TEAM = 5BFVZ4T283;
				GENERATE_INFOPLIST_FILE = YES;
				INFOPLIST_FILE = FileManager/Info.plist;
				INFOPLIST_KEY_UIApplicationSupportsIndirectInputEvents = YES;
				INFOPLIST_KEY_UILaunchStoryboardName = LaunchScreen;
				INFOPLIST_KEY_UIMainStoryboardFile = Main;
				INFOPLIST_KEY_UISupportedInterfaceOrientations_iPad = "UIInterfaceOrientationPortrait UIInterfaceOrientationPortraitUpsideDown UIInterfaceOrientationLandscapeLeft UIInterfaceOrientationLandscapeRight";
				INFOPLIST_KEY_UISupportedInterfaceOrientations_iPhone = "UIInterfaceOrientationPortrait UIInterfaceOrientationLandscapeLeft UIInterfaceOrientationLandscapeRight";
				LD_RUNPATH_SEARCH_PATHS = (
					"$(inherited)",
					"@executable_path/Frameworks",
				);
				MARKETING_VERSION = 1.0;
				PRODUCT_BUNDLE_IDENTIFIER = site.immersing.FileManager;
				PRODUCT_NAME = "$(TARGET_NAME)";
				SWIFT_EMIT_LOC_STRINGS = YES;
				SWIFT_VERSION = 5.0;
				TARGETED_DEVICE_FAMILY = "1,2";
			};
			name = Release;
		};
/* End XCBuildConfiguration section */

/* Begin XCConfigurationList section */
		28CEC4C627BC5C2B00789AFD /* Build configuration list for PBXProject "FileManager" */ = {
			isa = XCConfigurationList;
			buildConfigurations = (
				28CEC4DD27BC5C3700789AFD /* Debug */,
				28CEC4DE27BC5C3700789AFD /* Release */,
			);
			defaultConfigurationIsVisible = 0;
			defaultConfigurationName = Release;
		};
		28CEC4DF27BC5C3700789AFD /* Build configuration list for PBXNativeTarget "FileManager" */ = {
			isa = XCConfigurationList;
			buildConfigurations = (
				28CEC4E027BC5C3700789AFD /* Debug */,
				28CEC4E127BC5C3700789AFD /* Release */,
			);
			defaultConfigurationIsVisible = 0;
			defaultConfigurationName = Release;
		};
/* End XCConfigurationList section */
	};
	rootObject = 28CEC4C327BC5C2B00789AFD /* Project object */;
}
